// !$*UTF8*$!
{
	archiveVersion = 1;
	classes = {
	};
	objectVersion = 56;
	objects = {

/* Begin PBXBuildFile section */
		752F810D2A5FEEDB00287043 /* CoreDataManager.swift in Sources */ = {isa = PBXBuildFile; fileRef = 752F810C2A5FEEDB00287043 /* CoreDataManager.swift */; };
		752F810F2A5FEF3900287043 /* FeedPosts.swift in Sources */ = {isa = PBXBuildFile; fileRef = 752F810E2A5FEF3900287043 /* FeedPosts.swift */; };
		752F81122A5FF30900287043 /* Post.xcdatamodeld in Sources */ = {isa = PBXBuildFile; fileRef = 752F81102A5FF30900287043 /* Post.xcdatamodeld */; };
		752F81142A600E5600287043 /* PhotosTableViewCell.swift in Sources */ = {isa = PBXBuildFile; fileRef = 752F81132A600E5600287043 /* PhotosTableViewCell.swift */; };
		752F81162A63174100287043 /* ProfileHeaderView.swift in Sources */ = {isa = PBXBuildFile; fileRef = 752F81152A63174100287043 /* ProfileHeaderView.swift */; };
		752F81182A63200800287043 /* CustomButton.swift in Sources */ = {isa = PBXBuildFile; fileRef = 752F81172A63200800287043 /* CustomButton.swift */; };
		752F811C2A65704800287043 /* PhotosViewController.swift in Sources */ = {isa = PBXBuildFile; fileRef = 752F811B2A65704800287043 /* PhotosViewController.swift */; };
		752F811E2A65717500287043 /* PhotosCollectionViewCell.swift in Sources */ = {isa = PBXBuildFile; fileRef = 752F811D2A65717500287043 /* PhotosCollectionViewCell.swift */; };
		752F81202A6575AB00287043 /* ShowPhotoViewController.swift in Sources */ = {isa = PBXBuildFile; fileRef = 752F811F2A6575AB00287043 /* ShowPhotoViewController.swift */; };
		752F81262A66ADB400287043 /* RealmSwift in Frameworks */ = {isa = PBXBuildFile; productRef = 752F81252A66ADB400287043 /* RealmSwift */; };
		752F81282A66AF9900287043 /* AuthModel.swift in Sources */ = {isa = PBXBuildFile; fileRef = 752F81272A66AF9900287043 /* AuthModel.swift */; };
		752F812A2A66B05400287043 /* ChekerService.swift in Sources */ = {isa = PBXBuildFile; fileRef = 752F81292A66B05400287043 /* ChekerService.swift */; };
		752F812F2A66C4CA00287043 /* GoogleService-Info.plist in Resources */ = {isa = PBXBuildFile; fileRef = 752F812E2A66C4C900287043 /* GoogleService-Info.plist */; };
		755CBE862A66C7460058FD7B /* FirebaseAuth in Frameworks */ = {isa = PBXBuildFile; productRef = 755CBE852A66C7460058FD7B /* FirebaseAuth */; };
		755CBE882A66C7460058FD7B /* FirebaseDatabase in Frameworks */ = {isa = PBXBuildFile; productRef = 755CBE872A66C7460058FD7B /* FirebaseDatabase */; };
		755CBE8A2A66C9B30058FD7B /* User.swift in Sources */ = {isa = PBXBuildFile; fileRef = 755CBE892A66C9B30058FD7B /* User.swift */; };
		755CBE8C2A66D50D0058FD7B /* LoginViewControllerDelegate.swift in Sources */ = {isa = PBXBuildFile; fileRef = 755CBE8B2A66D50D0058FD7B /* LoginViewControllerDelegate.swift */; };
		7568B8162A5EC84900FF88F7 /* PostTableViewCell.swift in Sources */ = {isa = PBXBuildFile; fileRef = 7568B8152A5EC84900FF88F7 /* PostTableViewCell.swift */; };
		7568B8182A5EC9BD00FF88F7 /* ExtentionColor.swift in Sources */ = {isa = PBXBuildFile; fileRef = 7568B8172A5EC9BD00FF88F7 /* ExtentionColor.swift */; };
		75722DBA2A7CF14900F26242 /* APIManager.swift in Sources */ = {isa = PBXBuildFile; fileRef = 75722DB92A7CF14800F26242 /* APIManager.swift */; };
		75722DBC2A7D12C200F26242 /* RickMortiData.swift in Sources */ = {isa = PBXBuildFile; fileRef = 75722DBB2A7D12C200F26242 /* RickMortiData.swift */; };
		75722DBE2A853A7D00F26242 /* ExtentionUIImage.swift in Sources */ = {isa = PBXBuildFile; fileRef = 75722DBD2A853A7C00F26242 /* ExtentionUIImage.swift */; };
		7586C4B32A8B86CD005BD116 /* Data.xcdatamodeld in Sources */ = {isa = PBXBuildFile; fileRef = 7586C4B12A8B86CD005BD116 /* Data.xcdatamodeld */; };
		7586C4B52A8CBCFF005BD116 /* CoreDataService.swift in Sources */ = {isa = PBXBuildFile; fileRef = 7586C4B42A8CBCFF005BD116 /* CoreDataService.swift */; };
		75D104BC2A5C598200EA8E3A /* AppDelegate.swift in Sources */ = {isa = PBXBuildFile; fileRef = 75D104BB2A5C598200EA8E3A /* AppDelegate.swift */; };
		75D104BE2A5C598200EA8E3A /* SceneDelegate.swift in Sources */ = {isa = PBXBuildFile; fileRef = 75D104BD2A5C598200EA8E3A /* SceneDelegate.swift */; };
		75D104C02A5C598200EA8E3A /* LoginViewController.swift in Sources */ = {isa = PBXBuildFile; fileRef = 75D104BF2A5C598200EA8E3A /* LoginViewController.swift */; };
		75D104C52A5C598400EA8E3A /* Assets.xcassets in Resources */ = {isa = PBXBuildFile; fileRef = 75D104C42A5C598400EA8E3A /* Assets.xcassets */; };
		75D104C82A5C598400EA8E3A /* LaunchScreen.storyboard in Resources */ = {isa = PBXBuildFile; fileRef = 75D104C62A5C598400EA8E3A /* LaunchScreen.storyboard */; };
		75D104D42A5C621200EA8E3A /* ProfileViewController.swift in Sources */ = {isa = PBXBuildFile; fileRef = 75D104D32A5C621200EA8E3A /* ProfileViewController.swift */; };
		75D104D62A5C625000EA8E3A /* SelectedViewController.swift in Sources */ = {isa = PBXBuildFile; fileRef = 75D104D52A5C625000EA8E3A /* SelectedViewController.swift */; };
		75D104D92A5C6C7500EA8E3A /* Localizable.strings in Resources */ = {isa = PBXBuildFile; fileRef = 75D104DB2A5C6C7500EA8E3A /* Localizable.strings */; };
		75D104DF2A5D55D400EA8E3A /* InfoPlist.strings in Resources */ = {isa = PBXBuildFile; fileRef = 75D104E12A5D55D400EA8E3A /* InfoPlist.strings */; };
		75D104E42A5D58BC00EA8E3A /* ExtentionString.swift in Sources */ = {isa = PBXBuildFile; fileRef = 75D104E32A5D58BC00EA8E3A /* ExtentionString.swift */; };
		75D104E62A5D5E8D00EA8E3A /* Palette.swift in Sources */ = {isa = PBXBuildFile; fileRef = 75D104E52A5D5E8D00EA8E3A /* Palette.swift */; };
/* End PBXBuildFile section */

/* Begin PBXFileReference section */
		752F810C2A5FEEDB00287043 /* CoreDataManager.swift */ = {isa = PBXFileReference; lastKnownFileType = sourcecode.swift; path = CoreDataManager.swift; sourceTree = "<group>"; };
		752F810E2A5FEF3900287043 /* FeedPosts.swift */ = {isa = PBXFileReference; lastKnownFileType = sourcecode.swift; path = FeedPosts.swift; sourceTree = "<group>"; };
		752F81112A5FF30900287043 /* Post.xcdatamodel */ = {isa = PBXFileReference; lastKnownFileType = wrapper.xcdatamodel; path = Post.xcdatamodel; sourceTree = "<group>"; };
		752F81132A600E5600287043 /* PhotosTableViewCell.swift */ = {isa = PBXFileReference; lastKnownFileType = sourcecode.swift; path = PhotosTableViewCell.swift; sourceTree = "<group>"; };
		752F81152A63174100287043 /* ProfileHeaderView.swift */ = {isa = PBXFileReference; lastKnownFileType = sourcecode.swift; path = ProfileHeaderView.swift; sourceTree = "<group>"; };
		752F81172A63200800287043 /* CustomButton.swift */ = {isa = PBXFileReference; lastKnownFileType = sourcecode.swift; path = CustomButton.swift; sourceTree = "<group>"; };
		752F811B2A65704800287043 /* PhotosViewController.swift */ = {isa = PBXFileReference; lastKnownFileType = sourcecode.swift; path = PhotosViewController.swift; sourceTree = "<group>"; };
		752F811D2A65717500287043 /* PhotosCollectionViewCell.swift */ = {isa = PBXFileReference; lastKnownFileType = sourcecode.swift; path = PhotosCollectionViewCell.swift; sourceTree = "<group>"; };
		752F811F2A6575AB00287043 /* ShowPhotoViewController.swift */ = {isa = PBXFileReference; lastKnownFileType = sourcecode.swift; path = ShowPhotoViewController.swift; sourceTree = "<group>"; };
		752F81272A66AF9900287043 /* AuthModel.swift */ = {isa = PBXFileReference; lastKnownFileType = sourcecode.swift; path = AuthModel.swift; sourceTree = "<group>"; };
		752F81292A66B05400287043 /* ChekerService.swift */ = {isa = PBXFileReference; lastKnownFileType = sourcecode.swift; path = ChekerService.swift; sourceTree = "<group>"; };
		752F812E2A66C4C900287043 /* GoogleService-Info.plist */ = {isa = PBXFileReference; fileEncoding = 4; lastKnownFileType = text.plist.xml; path = "GoogleService-Info.plist"; sourceTree = "<group>"; };
		755CBE892A66C9B30058FD7B /* User.swift */ = {isa = PBXFileReference; lastKnownFileType = sourcecode.swift; path = User.swift; sourceTree = "<group>"; };
		755CBE8B2A66D50D0058FD7B /* LoginViewControllerDelegate.swift */ = {isa = PBXFileReference; lastKnownFileType = sourcecode.swift; path = LoginViewControllerDelegate.swift; sourceTree = "<group>"; };
		7568B8152A5EC84900FF88F7 /* PostTableViewCell.swift */ = {isa = PBXFileReference; lastKnownFileType = sourcecode.swift; path = PostTableViewCell.swift; sourceTree = "<group>"; };
		7568B8172A5EC9BD00FF88F7 /* ExtentionColor.swift */ = {isa = PBXFileReference; lastKnownFileType = sourcecode.swift; path = ExtentionColor.swift; sourceTree = "<group>"; };
		75722DB92A7CF14800F26242 /* APIManager.swift */ = {isa = PBXFileReference; lastKnownFileType = sourcecode.swift; path = APIManager.swift; sourceTree = "<group>"; };
		75722DBB2A7D12C200F26242 /* RickMortiData.swift */ = {isa = PBXFileReference; lastKnownFileType = sourcecode.swift; path = RickMortiData.swift; sourceTree = "<group>"; };
		75722DBD2A853A7C00F26242 /* ExtentionUIImage.swift */ = {isa = PBXFileReference; lastKnownFileType = sourcecode.swift; path = ExtentionUIImage.swift; sourceTree = "<group>"; };
		7586C4B22A8B86CD005BD116 /* Data.xcdatamodel */ = {isa = PBXFileReference; lastKnownFileType = wrapper.xcdatamodel; path = Data.xcdatamodel; sourceTree = "<group>"; };
		7586C4B42A8CBCFF005BD116 /* CoreDataService.swift */ = {isa = PBXFileReference; lastKnownFileType = sourcecode.swift; path = CoreDataService.swift; sourceTree = "<group>"; };
		75D104B82A5C598200EA8E3A /* VK.app */ = {isa = PBXFileReference; explicitFileType = wrapper.application; includeInIndex = 0; path = VK.app; sourceTree = BUILT_PRODUCTS_DIR; };
		75D104BB2A5C598200EA8E3A /* AppDelegate.swift */ = {isa = PBXFileReference; lastKnownFileType = sourcecode.swift; path = AppDelegate.swift; sourceTree = "<group>"; };
		75D104BD2A5C598200EA8E3A /* SceneDelegate.swift */ = {isa = PBXFileReference; lastKnownFileType = sourcecode.swift; path = SceneDelegate.swift; sourceTree = "<group>"; };
		75D104BF2A5C598200EA8E3A /* LoginViewController.swift */ = {isa = PBXFileReference; lastKnownFileType = sourcecode.swift; path = LoginViewController.swift; sourceTree = "<group>"; };
		75D104C42A5C598400EA8E3A /* Assets.xcassets */ = {isa = PBXFileReference; lastKnownFileType = folder.assetcatalog; path = Assets.xcassets; sourceTree = "<group>"; };
		75D104C72A5C598400EA8E3A /* Base */ = {isa = PBXFileReference; lastKnownFileType = file.storyboard; name = Base; path = Base.lproj/LaunchScreen.storyboard; sourceTree = "<group>"; };
		75D104C92A5C598400EA8E3A /* Info.plist */ = {isa = PBXFileReference; lastKnownFileType = text.plist.xml; path = Info.plist; sourceTree = "<group>"; };
		75D104D32A5C621200EA8E3A /* ProfileViewController.swift */ = {isa = PBXFileReference; lastKnownFileType = sourcecode.swift; path = ProfileViewController.swift; sourceTree = "<group>"; };
		75D104D52A5C625000EA8E3A /* SelectedViewController.swift */ = {isa = PBXFileReference; lastKnownFileType = sourcecode.swift; path = SelectedViewController.swift; sourceTree = "<group>"; };
		75D104DA2A5C6C7500EA8E3A /* en */ = {isa = PBXFileReference; lastKnownFileType = text.plist.strings; name = en; path = en.lproj/Localizable.strings; sourceTree = "<group>"; };
		75D104DC2A5C6D1D00EA8E3A /* ru */ = {isa = PBXFileReference; lastKnownFileType = text.plist.strings; name = ru; path = ru.lproj/Localizable.strings; sourceTree = "<group>"; };
		75D104E02A5D55D400EA8E3A /* en */ = {isa = PBXFileReference; lastKnownFileType = text.plist.strings; name = en; path = en.lproj/InfoPlist.strings; sourceTree = "<group>"; };
		75D104E22A5D55D700EA8E3A /* ru */ = {isa = PBXFileReference; lastKnownFileType = text.plist.strings; name = ru; path = ru.lproj/InfoPlist.strings; sourceTree = "<group>"; };
		75D104E32A5D58BC00EA8E3A /* ExtentionString.swift */ = {isa = PBXFileReference; lastKnownFileType = sourcecode.swift; path = ExtentionString.swift; sourceTree = "<group>"; };
		75D104E52A5D5E8D00EA8E3A /* Palette.swift */ = {isa = PBXFileReference; lastKnownFileType = sourcecode.swift; path = Palette.swift; sourceTree = "<group>"; };
/* End PBXFileReference section */

/* Begin PBXFrameworksBuildPhase section */
		75D104B52A5C598200EA8E3A /* Frameworks */ = {
			isa = PBXFrameworksBuildPhase;
			buildActionMask = 2147483647;
			files = (
				755CBE882A66C7460058FD7B /* FirebaseDatabase in Frameworks */,
				752F81262A66ADB400287043 /* RealmSwift in Frameworks */,
				755CBE862A66C7460058FD7B /* FirebaseAuth in Frameworks */,
			);
			runOnlyForDeploymentPostprocessing = 0;
		};
/* End PBXFrameworksBuildPhase section */

/* Begin PBXGroup section */
		75D104AF2A5C598200EA8E3A = {
			isa = PBXGroup;
			children = (
				7586C4B12A8B86CD005BD116 /* Data.xcdatamodeld */,
				752F81102A5FF30900287043 /* Post.xcdatamodeld */,
				75D104BA2A5C598200EA8E3A /* VK */,
				75D104B92A5C598200EA8E3A /* Products */,
			);
			sourceTree = "<group>";
		};
		75D104B92A5C598200EA8E3A /* Products */ = {
			isa = PBXGroup;
			children = (
				75D104B82A5C598200EA8E3A /* VK.app */,
			);
			name = Products;
			sourceTree = "<group>";
		};
		75D104BA2A5C598200EA8E3A /* VK */ = {
			isa = PBXGroup;
			children = (
				75D104CF2A5C604A00EA8E3A /* Model */,
				75D104D02A5C605300EA8E3A /* Extentions */,
				75D104D22A5C606C00EA8E3A /* Controller */,
				75D104BB2A5C598200EA8E3A /* AppDelegate.swift */,
				75D104BD2A5C598200EA8E3A /* SceneDelegate.swift */,
				75D104DB2A5C6C7500EA8E3A /* Localizable.strings */,
				75D104C42A5C598400EA8E3A /* Assets.xcassets */,
				75D104C62A5C598400EA8E3A /* LaunchScreen.storyboard */,
				752F812E2A66C4C900287043 /* GoogleService-Info.plist */,
				75D104C92A5C598400EA8E3A /* Info.plist */,
				75D104E12A5D55D400EA8E3A /* InfoPlist.strings */,
			);
			path = VK;
			sourceTree = "<group>";
		};
		75D104CF2A5C604A00EA8E3A /* Model */ = {
			isa = PBXGroup;
			children = (
				752F810C2A5FEEDB00287043 /* CoreDataManager.swift */,
				752F810E2A5FEF3900287043 /* FeedPosts.swift */,
				752F81272A66AF9900287043 /* AuthModel.swift */,
				752F81292A66B05400287043 /* ChekerService.swift */,
				755CBE892A66C9B30058FD7B /* User.swift */,
				75722DB92A7CF14800F26242 /* APIManager.swift */,
				75722DBB2A7D12C200F26242 /* RickMortiData.swift */,
				7586C4B42A8CBCFF005BD116 /* CoreDataService.swift */,
			);
			path = Model;
			sourceTree = "<group>";
		};
		75D104D02A5C605300EA8E3A /* Extentions */ = {
			isa = PBXGroup;
			children = (
				7568B8172A5EC9BD00FF88F7 /* ExtentionColor.swift */,
				75D104E32A5D58BC00EA8E3A /* ExtentionString.swift */,
				752F81172A63200800287043 /* CustomButton.swift */,
				75D104E52A5D5E8D00EA8E3A /* Palette.swift */,
				75722DBD2A853A7C00F26242 /* ExtentionUIImage.swift */,
			);
			path = Extentions;
			sourceTree = "<group>";
		};
		75D104D22A5C606C00EA8E3A /* Controller */ = {
			isa = PBXGroup;
			children = (
				75D104BF2A5C598200EA8E3A /* LoginViewController.swift */,
				75D104D32A5C621200EA8E3A /* ProfileViewController.swift */,
				75D104D52A5C625000EA8E3A /* SelectedViewController.swift */,
				7568B8152A5EC84900FF88F7 /* PostTableViewCell.swift */,
				752F81132A600E5600287043 /* PhotosTableViewCell.swift */,
				752F81152A63174100287043 /* ProfileHeaderView.swift */,
				752F811B2A65704800287043 /* PhotosViewController.swift */,
				752F811D2A65717500287043 /* PhotosCollectionViewCell.swift */,
				752F811F2A6575AB00287043 /* ShowPhotoViewController.swift */,
				755CBE8B2A66D50D0058FD7B /* LoginViewControllerDelegate.swift */,
			);
			path = Controller;
			sourceTree = "<group>";
		};
/* End PBXGroup section */

/* Begin PBXNativeTarget section */
		75D104B72A5C598200EA8E3A /* VK */ = {
			isa = PBXNativeTarget;
			buildConfigurationList = 75D104CC2A5C598400EA8E3A /* Build configuration list for PBXNativeTarget "VK" */;
			buildPhases = (
				75D104B42A5C598200EA8E3A /* Sources */,
				75D104B52A5C598200EA8E3A /* Frameworks */,
				75D104B62A5C598200EA8E3A /* Resources */,
			);
			buildRules = (
			);
			dependencies = (
			);
			name = VK;
			packageProductDependencies = (
				752F81252A66ADB400287043 /* RealmSwift */,
				755CBE852A66C7460058FD7B /* FirebaseAuth */,
				755CBE872A66C7460058FD7B /* FirebaseDatabase */,
			);
			productName = VK;
			productReference = 75D104B82A5C598200EA8E3A /* VK.app */;
			productType = "com.apple.product-type.application";
		};
/* End PBXNativeTarget section */

/* Begin PBXProject section */
		75D104B02A5C598200EA8E3A /* Project object */ = {
			isa = PBXProject;
			attributes = {
				BuildIndependentTargetsInParallel = 1;
				LastSwiftUpdateCheck = 1430;
				LastUpgradeCheck = 1430;
				TargetAttributes = {
					75D104B72A5C598200EA8E3A = {
						CreatedOnToolsVersion = 14.3;
					};
				};
			};
			buildConfigurationList = 75D104B32A5C598200EA8E3A /* Build configuration list for PBXProject "VK" */;
			compatibilityVersion = "Xcode 14.0";
			developmentRegion = en;
			hasScannedForEncodings = 0;
			knownRegions = (
				en,
				Base,
				ru,
			);
			mainGroup = 75D104AF2A5C598200EA8E3A;
			packageReferences = (
				752F81242A66ADB400287043 /* XCRemoteSwiftPackageReference "realm-swift" */,
				755CBE842A66C7460058FD7B /* XCRemoteSwiftPackageReference "firebase-ios-sdk" */,
			);
			productRefGroup = 75D104B92A5C598200EA8E3A /* Products */;
			projectDirPath = "";
			projectRoot = "";
			targets = (
				75D104B72A5C598200EA8E3A /* VK */,
			);
		};
/* End PBXProject section */

/* Begin PBXResourcesBuildPhase section */
		75D104B62A5C598200EA8E3A /* Resources */ = {
			isa = PBXResourcesBuildPhase;
			buildActionMask = 2147483647;
			files = (
				75D104C82A5C598400EA8E3A /* LaunchScreen.storyboard in Resources */,
				75D104DF2A5D55D400EA8E3A /* InfoPlist.strings in Resources */,
				752F812F2A66C4CA00287043 /* GoogleService-Info.plist in Resources */,
				75D104D92A5C6C7500EA8E3A /* Localizable.strings in Resources */,
				75D104C52A5C598400EA8E3A /* Assets.xcassets in Resources */,
			);
			runOnlyForDeploymentPostprocessing = 0;
		};
/* End PBXResourcesBuildPhase section */

/* Begin PBXSourcesBuildPhase section */
		75D104B42A5C598200EA8E3A /* Sources */ = {
			isa = PBXSourcesBuildPhase;
			buildActionMask = 2147483647;
			files = (
				752F81202A6575AB00287043 /* ShowPhotoViewController.swift in Sources */,
				752F810F2A5FEF3900287043 /* FeedPosts.swift in Sources */,
				752F811C2A65704800287043 /* PhotosViewController.swift in Sources */,
				75D104C02A5C598200EA8E3A /* LoginViewController.swift in Sources */,
				75D104BC2A5C598200EA8E3A /* AppDelegate.swift in Sources */,
				752F812A2A66B05400287043 /* ChekerService.swift in Sources */,
				75D104D62A5C625000EA8E3A /* SelectedViewController.swift in Sources */,
				7568B8162A5EC84900FF88F7 /* PostTableViewCell.swift in Sources */,
				75D104E42A5D58BC00EA8E3A /* ExtentionString.swift in Sources */,
				755CBE8C2A66D50D0058FD7B /* LoginViewControllerDelegate.swift in Sources */,
				752F81282A66AF9900287043 /* AuthModel.swift in Sources */,
				75D104D42A5C621200EA8E3A /* ProfileViewController.swift in Sources */,
				75722DBC2A7D12C200F26242 /* RickMortiData.swift in Sources */,
				7568B8182A5EC9BD00FF88F7 /* ExtentionColor.swift in Sources */,
				75D104BE2A5C598200EA8E3A /* SceneDelegate.swift in Sources */,
				752F81142A600E5600287043 /* PhotosTableViewCell.swift in Sources */,
				7586C4B52A8CBCFF005BD116 /* CoreDataService.swift in Sources */,
				752F810D2A5FEEDB00287043 /* CoreDataManager.swift in Sources */,
				752F81162A63174100287043 /* ProfileHeaderView.swift in Sources */,
				75D104E62A5D5E8D00EA8E3A /* Palette.swift in Sources */,
				752F811E2A65717500287043 /* PhotosCollectionViewCell.swift in Sources */,
				752F81122A5FF30900287043 /* Post.xcdatamodeld in Sources */,
				75722DBA2A7CF14900F26242 /* APIManager.swift in Sources */,
				752F81182A63200800287043 /* CustomButton.swift in Sources */,
				7586C4B32A8B86CD005BD116 /* Data.xcdatamodeld in Sources */,
				755CBE8A2A66C9B30058FD7B /* User.swift in Sources */,
				75722DBE2A853A7D00F26242 /* ExtentionUIImage.swift in Sources */,
			);
			runOnlyForDeploymentPostprocessing = 0;
		};
/* End PBXSourcesBuildPhase section */

/* Begin PBXVariantGroup section */
		75D104C62A5C598400EA8E3A /* LaunchScreen.storyboard */ = {
			isa = PBXVariantGroup;
			children = (
				75D104C72A5C598400EA8E3A /* Base */,
			);
			name = LaunchScreen.storyboard;
			sourceTree = "<group>";
		};
		75D104DB2A5C6C7500EA8E3A /* Localizable.strings */ = {
			isa = PBXVariantGroup;
			children = (
				75D104DA2A5C6C7500EA8E3A /* en */,
				75D104DC2A5C6D1D00EA8E3A /* ru */,
			);
			name = Localizable.strings;
			sourceTree = "<group>";
		};
		75D104E12A5D55D400EA8E3A /* InfoPlist.strings */ = {
			isa = PBXVariantGroup;
			children = (
				75D104E02A5D55D400EA8E3A /* en */,
				75D104E22A5D55D700EA8E3A /* ru */,
			);
			name = InfoPlist.strings;
			sourceTree = "<group>";
		};
/* End PBXVariantGroup section */

/* Begin XCBuildConfiguration section */
		75D104CA2A5C598400EA8E3A /* Debug */ = {
			isa = XCBuildConfiguration;
			buildSettings = {
				ALWAYS_SEARCH_USER_PATHS = NO;
				CLANG_ANALYZER_LOCALIZABILITY_NONLOCALIZED = YES;
				CLANG_ANALYZER_NONNULL = YES;
				CLANG_ANALYZER_NUMBER_OBJECT_CONVERSION = YES_AGGRESSIVE;
				CLANG_CXX_LANGUAGE_STANDARD = "gnu++20";
				CLANG_ENABLE_MODULES = YES;
				CLANG_ENABLE_OBJC_ARC = YES;
				CLANG_ENABLE_OBJC_WEAK = YES;
				CLANG_WARN_BLOCK_CAPTURE_AUTORELEASING = YES;
				CLANG_WARN_BOOL_CONVERSION = YES;
				CLANG_WARN_COMMA = YES;
				CLANG_WARN_CONSTANT_CONVERSION = YES;
				CLANG_WARN_DEPRECATED_OBJC_IMPLEMENTATIONS = YES;
				CLANG_WARN_DIRECT_OBJC_ISA_USAGE = YES_ERROR;
				CLANG_WARN_DOCUMENTATION_COMMENTS = YES;
				CLANG_WARN_EMPTY_BODY = YES;
				CLANG_WARN_ENUM_CONVERSION = YES;
				CLANG_WARN_INFINITE_RECURSION = YES;
				CLANG_WARN_INT_CONVERSION = YES;
				CLANG_WARN_NON_LITERAL_NULL_CONVERSION = YES;
				CLANG_WARN_OBJC_IMPLICIT_RETAIN_SELF = YES;
				CLANG_WARN_OBJC_LITERAL_CONVERSION = YES;
				CLANG_WARN_OBJC_ROOT_CLASS = YES_ERROR;
				CLANG_WARN_QUOTED_INCLUDE_IN_FRAMEWORK_HEADER = YES;
				CLANG_WARN_RANGE_LOOP_ANALYSIS = YES;
				CLANG_WARN_STRICT_PROTOTYPES = YES;
				CLANG_WARN_SUSPICIOUS_MOVE = YES;
				CLANG_WARN_UNGUARDED_AVAILABILITY = YES_AGGRESSIVE;
				CLANG_WARN_UNREACHABLE_CODE = YES;
				CLANG_WARN__DUPLICATE_METHOD_MATCH = YES;
				COPY_PHASE_STRIP = NO;
				DEBUG_INFORMATION_FORMAT = dwarf;
				ENABLE_STRICT_OBJC_MSGSEND = YES;
				ENABLE_TESTABILITY = YES;
				GCC_C_LANGUAGE_STANDARD = gnu11;
				GCC_DYNAMIC_NO_PIC = NO;
				GCC_NO_COMMON_BLOCKS = YES;
				GCC_OPTIMIZATION_LEVEL = 0;
				GCC_PREPROCESSOR_DEFINITIONS = (
					"DEBUG=1",
					"$(inherited)",
				);
				GCC_WARN_64_TO_32_BIT_CONVERSION = YES;
				GCC_WARN_ABOUT_RETURN_TYPE = YES_ERROR;
				GCC_WARN_UNDECLARED_SELECTOR = YES;
				GCC_WARN_UNINITIALIZED_AUTOS = YES_AGGRESSIVE;
				GCC_WARN_UNUSED_FUNCTION = YES;
				GCC_WARN_UNUSED_VARIABLE = YES;
				IPHONEOS_DEPLOYMENT_TARGET = 16.4;
				MTL_ENABLE_DEBUG_INFO = INCLUDE_SOURCE;
				MTL_FAST_MATH = YES;
				ONLY_ACTIVE_ARCH = YES;
				SDKROOT = iphoneos;
				SWIFT_ACTIVE_COMPILATION_CONDITIONS = DEBUG;
				SWIFT_OPTIMIZATION_LEVEL = "-Onone";
			};
			name = Debug;
		};
		75D104CB2A5C598400EA8E3A /* Release */ = {
			isa = XCBuildConfiguration;
			buildSettings = {
				ALWAYS_SEARCH_USER_PATHS = NO;
				CLANG_ANALYZER_LOCALIZABILITY_NONLOCALIZED = YES;
				CLANG_ANALYZER_NONNULL = YES;
				CLANG_ANALYZER_NUMBER_OBJECT_CONVERSION = YES_AGGRESSIVE;
				CLANG_CXX_LANGUAGE_STANDARD = "gnu++20";
				CLANG_ENABLE_MODULES = YES;
				CLANG_ENABLE_OBJC_ARC = YES;
				CLANG_ENABLE_OBJC_WEAK = YES;
				CLANG_WARN_BLOCK_CAPTURE_AUTORELEASING = YES;
				CLANG_WARN_BOOL_CONVERSION = YES;
				CLANG_WARN_COMMA = YES;
				CLANG_WARN_CONSTANT_CONVERSION = YES;
				CLANG_WARN_DEPRECATED_OBJC_IMPLEMENTATIONS = YES;
				CLANG_WARN_DIRECT_OBJC_ISA_USAGE = YES_ERROR;
				CLANG_WARN_DOCUMENTATION_COMMENTS = YES;
				CLANG_WARN_EMPTY_BODY = YES;
				CLANG_WARN_ENUM_CONVERSION = YES;
				CLANG_WARN_INFINITE_RECURSION = YES;
				CLANG_WARN_INT_CONVERSION = YES;
				CLANG_WARN_NON_LITERAL_NULL_CONVERSION = YES;
				CLANG_WARN_OBJC_IMPLICIT_RETAIN_SELF = YES;
				CLANG_WARN_OBJC_LITERAL_CONVERSION = YES;
				CLANG_WARN_OBJC_ROOT_CLASS = YES_ERROR;
				CLANG_WARN_QUOTED_INCLUDE_IN_FRAMEWORK_HEADER = YES;
				CLANG_WARN_RANGE_LOOP_ANALYSIS = YES;
				CLANG_WARN_STRICT_PROTOTYPES = YES;
				CLANG_WARN_SUSPICIOUS_MOVE = YES;
				CLANG_WARN_UNGUARDED_AVAILABILITY = YES_AGGRESSIVE;
				CLANG_WARN_UNREACHABLE_CODE = YES;
				CLANG_WARN__DUPLICATE_METHOD_MATCH = YES;
				COPY_PHASE_STRIP = NO;
				DEBUG_INFORMATION_FORMAT = "dwarf-with-dsym";
				ENABLE_NS_ASSERTIONS = NO;
				ENABLE_STRICT_OBJC_MSGSEND = YES;
				GCC_C_LANGUAGE_STANDARD = gnu11;
				GCC_NO_COMMON_BLOCKS = YES;
				GCC_WARN_64_TO_32_BIT_CONVERSION = YES;
				GCC_WARN_ABOUT_RETURN_TYPE = YES_ERROR;
				GCC_WARN_UNDECLARED_SELECTOR = YES;
				GCC_WARN_UNINITIALIZED_AUTOS = YES_AGGRESSIVE;
				GCC_WARN_UNUSED_FUNCTION = YES;
				GCC_WARN_UNUSED_VARIABLE = YES;
				IPHONEOS_DEPLOYMENT_TARGET = 16.4;
				MTL_ENABLE_DEBUG_INFO = NO;
				MTL_FAST_MATH = YES;
				SDKROOT = iphoneos;
				SWIFT_COMPILATION_MODE = wholemodule;
				SWIFT_OPTIMIZATION_LEVEL = "-O";
				VALIDATE_PRODUCT = YES;
			};
			name = Release;
		};
		75D104CD2A5C598400EA8E3A /* Debug */ = {
			isa = XCBuildConfiguration;
			buildSettings = {
				ASSETCATALOG_COMPILER_APPICON_NAME = AppIcon;
				ASSETCATALOG_COMPILER_GLOBAL_ACCENT_COLOR_NAME = AccentColor;
				CODE_SIGN_STYLE = Automatic;
				CURRENT_PROJECT_VERSION = 1;
				DEVELOPMENT_TEAM = K6Y3FS24VZ;
				GENERATE_INFOPLIST_FILE = YES;
				INFOPLIST_FILE = VK/Info.plist;
				INFOPLIST_KEY_UIApplicationSupportsIndirectInputEvents = YES;
				INFOPLIST_KEY_UILaunchStoryboardName = LaunchScreen;
				INFOPLIST_KEY_UISupportedInterfaceOrientations_iPad = "UIInterfaceOrientationPortrait UIInterfaceOrientationPortraitUpsideDown UIInterfaceOrientationLandscapeLeft UIInterfaceOrientationLandscapeRight";
				INFOPLIST_KEY_UISupportedInterfaceOrientations_iPhone = "UIInterfaceOrientationPortrait UIInterfaceOrientationLandscapeLeft UIInterfaceOrientationLandscapeRight";
				IPHONEOS_DEPLOYMENT_TARGET = 15.5;
				LD_RUNPATH_SEARCH_PATHS = (
					"$(inherited)",
					"@executable_path/Frameworks",
				);
				MARKETING_VERSION = 1.0;
				PRODUCT_BUNDLE_IDENTIFIER = homework.VK;
				PRODUCT_NAME = "$(TARGET_NAME)";
				SWIFT_EMIT_LOC_STRINGS = YES;
				SWIFT_VERSION = 5.0;
				TARGETED_DEVICE_FAMILY = "1,2";
			};
			name = Debug;
		};
		75D104CE2A5C598400EA8E3A /* Release */ = {
			isa = XCBuildConfiguration;
			buildSettings = {
				ASSETCATALOG_COMPILER_APPICON_NAME = AppIcon;
				ASSETCATALOG_COMPILER_GLOBAL_ACCENT_COLOR_NAME = AccentColor;
				CODE_SIGN_STYLE = Automatic;
				CURRENT_PROJECT_VERSION = 1;
				DEVELOPMENT_TEAM = K6Y3FS24VZ;
				GENERATE_INFOPLIST_FILE = YES;
				INFOPLIST_FILE = VK/Info.plist;
				INFOPLIST_KEY_UIApplicationSupportsIndirectInputEvents = YES;
				INFOPLIST_KEY_UILaunchStoryboardName = LaunchScreen;
				INFOPLIST_KEY_UISupportedInterfaceOrientations_iPad = "UIInterfaceOrientationPortrait UIInterfaceOrientationPortraitUpsideDown UIInterfaceOrientationLandscapeLeft UIInterfaceOrientationLandscapeRight";
				INFOPLIST_KEY_UISupportedInterfaceOrientations_iPhone = "UIInterfaceOrientationPortrait UIInterfaceOrientationLandscapeLeft UIInterfaceOrientationLandscapeRight";
				IPHONEOS_DEPLOYMENT_TARGET = 15.5;
				LD_RUNPATH_SEARCH_PATHS = (
					"$(inherited)",
					"@executable_path/Frameworks",
				);
				MARKETING_VERSION = 1.0;
				PRODUCT_BUNDLE_IDENTIFIER = homework.VK;
				PRODUCT_NAME = "$(TARGET_NAME)";
				SWIFT_EMIT_LOC_STRINGS = YES;
				SWIFT_VERSION = 5.0;
				TARGETED_DEVICE_FAMILY = "1,2";
			};
			name = Release;
		};
/* End XCBuildConfiguration section */

/* Begin XCConfigurationList section */
		75D104B32A5C598200EA8E3A /* Build configuration list for PBXProject "VK" */ = {
			isa = XCConfigurationList;
			buildConfigurations = (
				75D104CA2A5C598400EA8E3A /* Debug */,
				75D104CB2A5C598400EA8E3A /* Release */,
			);
			defaultConfigurationIsVisible = 0;
			defaultConfigurationName = Release;
		};
		75D104CC2A5C598400EA8E3A /* Build configuration list for PBXNativeTarget "VK" */ = {
			isa = XCConfigurationList;
			buildConfigurations = (
				75D104CD2A5C598400EA8E3A /* Debug */,
				75D104CE2A5C598400EA8E3A /* Release */,
			);
			defaultConfigurationIsVisible = 0;
			defaultConfigurationName = Release;
		};
/* End XCConfigurationList section */

/* Begin XCRemoteSwiftPackageReference section */
		752F81242A66ADB400287043 /* XCRemoteSwiftPackageReference "realm-swift" */ = {
			isa = XCRemoteSwiftPackageReference;
			repositoryURL = "https://github.com/realm/realm-swift.git";
			requirement = {
				branch = master;
				kind = branch;
			};
		};
		755CBE842A66C7460058FD7B /* XCRemoteSwiftPackageReference "firebase-ios-sdk" */ = {
			isa = XCRemoteSwiftPackageReference;
			repositoryURL = "https://github.com/firebase/firebase-ios-sdk.git";
			requirement = {
				kind = upToNextMajorVersion;
				minimumVersion = 10.0.0;
			};
		};
/* End XCRemoteSwiftPackageReference section */

/* Begin XCSwiftPackageProductDependency section */
		752F81252A66ADB400287043 /* RealmSwift */ = {
			isa = XCSwiftPackageProductDependency;
			package = 752F81242A66ADB400287043 /* XCRemoteSwiftPackageReference "realm-swift" */;
			productName = RealmSwift;
		};
		755CBE852A66C7460058FD7B /* FirebaseAuth */ = {
			isa = XCSwiftPackageProductDependency;
			package = 755CBE842A66C7460058FD7B /* XCRemoteSwiftPackageReference "firebase-ios-sdk" */;
			productName = FirebaseAuth;
		};
		755CBE872A66C7460058FD7B /* FirebaseDatabase */ = {
			isa = XCSwiftPackageProductDependency;
			package = 755CBE842A66C7460058FD7B /* XCRemoteSwiftPackageReference "firebase-ios-sdk" */;
			productName = FirebaseDatabase;
		};
/* End XCSwiftPackageProductDependency section */

/* Begin XCVersionGroup section */
		752F81102A5FF30900287043 /* Post.xcdatamodeld */ = {
			isa = XCVersionGroup;
			children = (
				752F81112A5FF30900287043 /* Post.xcdatamodel */,
			);
			currentVersion = 752F81112A5FF30900287043 /* Post.xcdatamodel */;
			path = Post.xcdatamodeld;
			sourceTree = "<group>";
			versionGroupType = wrapper.xcdatamodel;
		};
		7586C4B12A8B86CD005BD116 /* Data.xcdatamodeld */ = {
			isa = XCVersionGroup;
			children = (
				7586C4B22A8B86CD005BD116 /* Data.xcdatamodel */,
			);
			currentVersion = 7586C4B22A8B86CD005BD116 /* Data.xcdatamodel */;
			path = Data.xcdatamodeld;
			sourceTree = "<group>";
			versionGroupType = wrapper.xcdatamodel;
		};
/* End XCVersionGroup section */
	};
	rootObject = 75D104B02A5C598200EA8E3A /* Project object */;
}
